# This file is automatically @generated by Cargo.
# It is not intended for manual editing.
version = 4

[[package]]
name = "ctor"
version = "0.4.3"
source = "registry+https://github.com/rust-lang/crates.io-index"
checksum = "ec09e802f5081de6157da9a75701d6c713d8dc3ba52571fd4bd25f412644e8a6"
dependencies = [
 "ctor-proc-macro",
 "dtor",
]

[[package]]
name = "ctor-proc-macro"
version = "0.0.6"
source = "registry+https://github.com/rust-lang/crates.io-index"
checksum = "e2931af7e13dc045d8e9d26afccc6fa115d64e115c9c84b1166288b46f6782c2"

[[package]]
name = "darkan-patcher"
version = "0.1.0"
dependencies = [
 "ctor",
 "libc",
 "memchr",
]

[[package]]
name = "dtor"
version = "0.0.6"
source = "registry+https://github.com/rust-lang/crates.io-index"
checksum = "97cbdf2ad6846025e8e25df05171abfb30e3ababa12ee0a0e44b9bbe570633a8"
dependencies = [
 "dtor-proc-macro",
]

[[package]]
name = "dtor-proc-macro"
version = "0.0.5"
source = "registry+https://github.com/rust-lang/crates.io-index"
checksum = "7454e41ff9012c00d53cf7f475c5e3afa3b91b7c90568495495e8d9bf47a1055"

[[package]]
name = "libc"
version = "0.2.183"
source = "registry+https://github.com/rust-lang/crates.io-index"
checksum = "b5b646652bf6661599e1da8901b3b9522896f01e736bad5f723fe7a3a27f899d"

[[package]]
name = "memchr"
version = "2.8.2"
source = "registry+https://github.com/rust-lang/crates.io-index"
checksum = "88904434abc2901f197fe8cc55f0445e7ded921dba5911dad2e2b39b48e663c4"
